// !$*UTF8*$!
{
	archiveVersion = 1;
	classes = {
	};
	objectVersion = 46;
	objects = {

/* Begin PBXBuildFile section */
		516E9F751DCA2619001C9E1A /* AppDelegate.swift in Sources */ = {isa = PBXBuildFile; fileRef = 516E9F741DCA2619001C9E1A /* AppDelegate.swift */; };
		516E9F771DCA2619001C9E1A /* ViewController.swift in Sources */ = {isa = PBXBuildFile; fileRef = 516E9F761DCA2619001C9E1A /* ViewController.swift */; };
		516E9F7A1DCA2619001C9E1A /* Main.storyboard in Resources */ = {isa = PBXBuildFile; fileRef = 516E9F781DCA2619001C9E1A /* Main.storyboard */; };
		516E9F7C1DCA2619001C9E1A /* Assets.xcassets in Resources */ = {isa = PBXBuildFile; fileRef = 516E9F7B1DCA2619001C9E1A /* Assets.xcassets */; };
		516E9F7F1DCA2619001C9E1A /* LaunchScreen.storyboard in Resources */ = {isa = PBXBuildFile; fileRef = 516E9F7D1DCA2619001C9E1A /* LaunchScreen.storyboard */; };
		516E9F8B1DCA264D001C9E1A /* Direction.swift in Sources */ = {isa = PBXBuildFile; fileRef = 516E9F871DCA264D001C9E1A /* Direction.swift */; };
		516E9F8C1DCA264D001C9E1A /* Scheduler.swift in Sources */ = {isa = PBXBuildFile; fileRef = 516E9F881DCA264D001C9E1A /* Scheduler.swift */; };
		516E9F8D1DCA264D001C9E1A /* ViewManager.swift in Sources */ = {isa = PBXBuildFile; fileRef = 516E9F891DCA264D001C9E1A /* ViewManager.swift */; };
		516E9F8E1DCA264D001C9E1A /* ZLSwipeableView.swift in Sources */ = {isa = PBXBuildFile; fileRef = 516E9F8A1DCA264D001C9E1A /* ZLSwipeableView.swift */; };
/* End PBXBuildFile section */

/* Begin PBXFileReference section */
		516E9F711DCA2619001C9E1A /* ZLExample.app */ = {isa = PBXFileReference; explicitFileType = wrapper.application; includeInIndex = 0; path = ZLExample.app; sourceTree = BUILT_PRODUCTS_DIR; };
		516E9F741DCA2619001C9E1A /* AppDelegate.swift */ = {isa = PBXFileReference; lastKnownFileType = sourcecode.swift; path = AppDelegate.swift; sourceTree = "<group>"; };
		516E9F761DCA2619001C9E1A /* ViewController.swift */ = {isa = PBXFileReference; lastKnownFileType = sourcecode.swift; path = ViewController.swift; sourceTree = "<group>"; };
		516E9F791DCA2619001C9E1A /* Base */ = {isa = PBXFileReference; lastKnownFileType = file.storyboard; name = Base; path = Base.lproj/Main.storyboard; sourceTree = "<group>"; };
		516E9F7B1DCA2619001C9E1A /* Assets.xcassets */ = {isa = PBXFileReference; lastKnownFileType = folder.assetcatalog; path = Assets.xcassets; sourceTree = "<group>"; };
		516E9F7E1DCA2619001C9E1A /* Base */ = {isa = PBXFileReference; lastKnownFileType = file.storyboard; name = Base; path = Base.lproj/LaunchScreen.storyboard; sourceTree = "<group>"; };
		516E9F801DCA2619001C9E1A /* Info.plist */ = {isa = PBXFileReference; lastKnownFileType = text.plist.xml; path = Info.plist; sourceTree = "<group>"; };
		516E9F871DCA264D001C9E1A /* Direction.swift */ = {isa = PBXFileReference; fileEncoding = 4; lastKnownFileType = sourcecode.swift; name = Direction.swift; path = ../../ZLSwipeableViewSwift/Direction.swift; sourceTree = "<group>"; };
		516E9F881DCA264D001C9E1A /* Scheduler.swift */ = {isa = PBXFileReference; fileEncoding = 4; lastKnownFileType = sourcecode.swift; name = Scheduler.swift; path = ../../ZLSwipeableViewSwift/Scheduler.swift; sourceTree = "<group>"; };
		516E9F891DCA264D001C9E1A /* ViewManager.swift */ = {isa = PBXFileReference; fileEncoding = 4; lastKnownFileType = sourcecode.swift; name = ViewManager.swift; path = ../../ZLSwipeableViewSwift/ViewManager.swift; sourceTree = "<group>"; };
		516E9F8A1DCA264D001C9E1A /* ZLSwipeableView.swift */ = {isa = PBXFileReference; fileEncoding = 4; lastKnownFileType = sourcecode.swift; name = ZLSwipeableView.swift; path = ../../ZLSwipeableViewSwift/ZLSwipeableView.swift; sourceTree = "<group>"; };
/* End PBXFileReference section */

/* Begin PBXFrameworksBuildPhase section */
		516E9F6E1DCA2619001C9E1A /* Frameworks */ = {
			isa = PBXFrameworksBuildPhase;
			buildActionMask = 2147483647;
			files = (
			);
			runOnlyForDeploymentPostprocessing = 0;
		};
/* End PBXFrameworksBuildPhase section */

/* Begin PBXGroup section */
		516E9F681DCA2619001C9E1A = {
			isa = PBXGroup;
			children = (
				516E9F861DCA2631001C9E1A /* ZLSwipable */,
				516E9F731DCA2619001C9E1A /* ZLExample */,
				516E9F721DCA2619001C9E1A /* Products */,
			);
			sourceTree = "<group>";
		};
		516E9F721DCA2619001C9E1A /* Products */ = {
			isa = PBXGroup;
			children = (
				516E9F711DCA2619001C9E1A /* ZLExample.app */,
			);
			name = Products;
			sourceTree = "<group>";
		};
		516E9F731DCA2619001C9E1A /* ZLExample */ = {
			isa = PBXGroup;
			children = (
				516E9F741DCA2619001C9E1A /* AppDelegate.swift */,
				516E9F761DCA2619001C9E1A /* ViewController.swift */,
				516E9F781DCA2619001C9E1A /* Main.storyboard */,
				516E9F7B1DCA2619001C9E1A /* Assets.xcassets */,
				516E9F7D1DCA2619001C9E1A /* LaunchScreen.storyboard */,
				516E9F801DCA2619001C9E1A /* Info.plist */,
			);
			path = ZLExample;
			sourceTree = "<group>";
		};
		516E9F861DCA2631001C9E1A /* ZLSwipable */ = {
			isa = PBXGroup;
			children = (
				516E9F871DCA264D001C9E1A /* Direction.swift */,
				516E9F881DCA264D001C9E1A /* Scheduler.swift */,
				516E9F891DCA264D001C9E1A /* ViewManager.swift */,
				516E9F8A1DCA264D001C9E1A /* ZLSwipeableView.swift */,
			);
			name = ZLSwipable;
			sourceTree = "<group>";
		};
/* End PBXGroup section */

/* Begin PBXNativeTarget section */
		516E9F701DCA2619001C9E1A /* ZLExample */ = {
			isa = PBXNativeTarget;
			buildConfigurationList = 516E9F831DCA2619001C9E1A /* Build configuration list for PBXNativeTarget "ZLExample" */;
			buildPhases = (
				516E9F6D1DCA2619001C9E1A /* Sources */,
				516E9F6E1DCA2619001C9E1A /* Frameworks */,
				516E9F6F1DCA2619001C9E1A /* Resources */,
			);
			buildRules = (
			);
			dependencies = (
			);
			name = ZLExample;
			productName = ZLExample;
			productReference = 516E9F711DCA2619001C9E1A /* ZLExample.app */;
			productType = "com.apple.product-type.application";
		};
/* End PBXNativeTarget section */

/* Begin PBXProject section */
		516E9F691DCA2619001C9E1A /* Project object */ = {
			isa = PBXProject;
			attributes = {
				LastSwiftUpdateCheck = 0810;
				LastUpgradeCheck = 0810;
				ORGANIZATIONNAME = "Tanel Teemusk";
				TargetAttributes = {
					516E9F701DCA2619001C9E1A = {
						CreatedOnToolsVersion = 8.1;
						ProvisioningStyle = Automatic;
					};
				};
			};
			buildConfigurationList = 516E9F6C1DCA2619001C9E1A /* Build configuration list for PBXProject "ZLExample" */;
			compatibilityVersion = "Xcode 3.2";
			developmentRegion = English;
			hasScannedForEncodings = 0;
			knownRegions = (
				en,
				Base,
			);
			mainGroup = 516E9F681DCA2619001C9E1A;
			productRefGroup = 516E9F721DCA2619001C9E1A /* Products */;
			projectDirPath = "";
			projectRoot = "";
			targets = (
				516E9F701DCA2619001C9E1A /* ZLExample */,
			);
		};
/* End PBXProject section */

/* Begin PBXResourcesBuildPhase section */
		516E9F6F1DCA2619001C9E1A /* Resources */ = {
			isa = PBXResourcesBuildPhase;
			buildActionMask = 2147483647;
			files = (
				516E9F7F1DCA2619001C9E1A /* LaunchScreen.storyboard in Resources */,
				516E9F7C1DCA2619001C9E1A /* Assets.xcassets in Resources */,
				516E9F7A1DCA2619001C9E1A /* Main.storyboard in Resources */,
			);
			runOnlyForDeploymentPostprocessing = 0;
		};
/* End PBXResourcesBuildPhase section */

/* Begin PBXSourcesBuildPhase section */
		516E9F6D1DCA2619001C9E1A /* Sources */ = {
			isa = PBXSourcesBuildPhase;
			buildActionMask = 2147483647;
			files = (
				516E9F771DCA2619001C9E1A /* ViewController.swift in Sources */,
				516E9F8E1DCA264D001C9E1A /* ZLSwipeableView.swift in Sources */,
				516E9F8C1DCA264D001C9E1A /* Scheduler.swift in Sources */,
				516E9F8D1DCA264D001C9E1A /* ViewManager.swift in Sources */,
				516E9F751DCA2619001C9E1A /* AppDelegate.swift in Sources */,
				516E9F8B1DCA264D001C9E1A /* Direction.swift in Sources */,
			);
			runOnlyForDeploymentPostprocessing = 0;
		};
/* End PBXSourcesBuildPhase section */

/* Begin PBXVariantGroup section */
		516E9F781DCA2619001C9E1A /* Main.storyboard */ = {
			isa = PBXVariantGroup;
			children = (
				516E9F791DCA2619001C9E1A /* Base */,
			);
			name = Main.storyboard;
			sourceTree = "<group>";
		};
		516E9F7D1DCA2619001C9E1A /* LaunchScreen.storyboard */ = {
			isa = PBXVariantGroup;
			children = (
				516E9F7E1DCA2619001C9E1A /* Base */,
			);
			name = LaunchScreen.storyboard;
			sourceTree = "<group>";
		};
/* End PBXVariantGroup section */

/* Begin XCBuildConfiguration section */
		516E9F811DCA2619001C9E1A /* Debug */ = {
			isa = XCBuildConfiguration;
			buildSettings = {
				ALWAYS_SEARCH_USER_PATHS = NO;
				CLANG_ANALYZER_NONNULL = YES;
				CLANG_CXX_LANGUAGE_STANDARD = "gnu++0x";
				CLANG_CXX_LIBRARY = "libc++";
				CLANG_ENABLE_MODULES = YES;
				CLANG_ENABLE_OBJC_ARC = YES;
				CLANG_WARN_BOOL_CONVERSION = YES;
				CLANG_WARN_CONSTANT_CONVERSION = YES;
				CLANG_WARN_DIRECT_OBJC_ISA_USAGE = YES_ERROR;
				CLANG_WARN_DOCUMENTATION_COMMENTS = YES;
				CLANG_WARN_EMPTY_BODY = YES;
				CLANG_WARN_ENUM_CONVERSION = YES;
				CLANG_WARN_INFINITE_RECURSION = YES;
				CLANG_WARN_INT_CONVERSION = YES;
				CLANG_WARN_OBJC_ROOT_CLASS = YES_ERROR;
				CLANG_WARN_SUSPICIOUS_MOVES = YES;
				CLANG_WARN_UNREACHABLE_CODE = YES;
				CLANG_WARN__DUPLICATE_METHOD_MATCH = YES;
				"CODE_SIGN_IDENTITY[sdk=iphoneos*]" = "iPhone Developer";
				COPY_PHASE_STRIP = NO;
				DEBUG_INFORMATION_FORMAT = dwarf;
				ENABLE_STRICT_OBJC_MSGSEND = YES;
				ENABLE_TESTABILITY = YES;
				GCC_C_LANGUAGE_STANDARD = gnu99;
				GCC_DYNAMIC_NO_PIC = NO;
				GCC_NO_COMMON_BLOCKS = YES;
				GCC_OPTIMIZATION_LEVEL = 0;
				GCC_PREPROCESSOR_DEFINITIONS = (
					"DEBUG=1",
					"$(inherited)",
				);
				GCC_WARN_64_TO_32_BIT_CONVERSION = YES;
				GCC_WARN_ABOUT_RETURN_TYPE = YES_ERROR;
				GCC_WARN_UNDECLARED_SELECTOR = YES;
				GCC_WARN_UNINITIALIZED_AUTOS = YES_AGGRESSIVE;
				GCC_WARN_UNUSED_FUNCTION = YES;
				GCC_WARN_UNUSED_VARIABLE = YES;
				IPHONEOS_DEPLOYMENT_TARGET = 10.1;
				MTL_ENABLE_DEBUG_INFO = YES;
				ONLY_ACTIVE_ARCH = YES;
				SDKROOT = iphoneos;
				SWIFT_ACTIVE_COMPILATION_CONDITIONS = DEBUG;
				SWIFT_OPTIMIZATION_LEVEL = "-Onone";
			};
			name = Debug;
		};
		516E9F821DCA2619001C9E1A /* Release */ = {
			isa = XCBuildConfiguration;
			buildSettings = {
				ALWAYS_SEARCH_USER_PATHS = NO;
				CLANG_ANALYZER_NONNULL = YES;
				CLANG_CXX_LANGUAGE_STANDARD = "gnu++0x";
				CLANG_CXX_LIBRARY = "libc++";
				CLANG_ENABLE_MODULES = YES;
				CLANG_ENABLE_OBJC_ARC = YES;
				CLANG_WARN_BOOL_CONVERSION = YES;
				CLANG_WARN_CONSTANT_CONVERSION = YES;
				CLANG_WARN_DIRECT_OBJC_ISA_USAGE = YES_ERROR;
				CLANG_WARN_DOCUMENTATION_COMMENTS = YES;
				CLANG_WARN_EMPTY_BODY = YES;
				CLANG_WARN_ENUM_CONVERSION = YES;
				CLANG_WARN_INFINITE_RECURSION = YES;
				CLANG_WARN_INT_CONVERSION = YES;
				CLANG_WARN_OBJC_ROOT_CLASS = YES_ERROR;
				CLANG_WARN_SUSPICIOUS_MOVES = YES;
				CLANG_WARN_UNREACHABLE_CODE = YES;
				CLANG_WARN__DUPLICATE_METHOD_MATCH = YES;
				"CODE_SIGN_IDENTITY[sdk=iphoneos*]" = "iPhone Developer";
				COPY_PHASE_STRIP = NO;
				DEBUG_INFORMATION_FORMAT = "dwarf-with-dsym";
				ENABLE_NS_ASSERTIONS = NO;
				ENABLE_STRICT_OBJC_MSGSEND = YES;
				GCC_C_LANGUAGE_STANDARD = gnu99;
				GCC_NO_COMMON_BLOCKS = YES;
				GCC_WARN_64_TO_32_BIT_CONVERSION = YES;
				GCC_WARN_ABOUT_RETURN_TYPE = YES_ERROR;
				GCC_WARN_UNDECLARED_SELECTOR = YES;
				GCC_WARN_UNINITIALIZED_AUTOS = YES_AGGRESSIVE;
				GCC_WARN_UNUSED_FUNCTION = YES;
				GCC_WARN_UNUSED_VARIABLE = YES;
				IPHONEOS_DEPLOYMENT_TARGET = 10.1;
				MTL_ENABLE_DEBUG_INFO = NO;
				SDKROOT = iphoneos;
				SWIFT_OPTIMIZATION_LEVEL = "-Owholemodule";
				VALIDATE_PRODUCT = YES;
			};
			name = Release;
		};
		516E9F841DCA2619001C9E1A /* Debug */ = {
			isa = XCBuildConfiguration;
			buildSettings = {
				ASSETCATALOG_COMPILER_APPICON_NAME = AppIcon;
				INFOPLIST_FILE = ZLExample/Info.plist;
				LD_RUNPATH_SEARCH_PATHS = "$(inherited) @executable_path/Frameworks";
				PRODUCT_BUNDLE_IDENTIFIER = com.teemusk.ZLExample;
				PRODUCT_NAME = "$(TARGET_NAME)";
				SWIFT_VERSION = 3.0;
			};
			name = Debug;
		};
		516E9F851DCA2619001C9E1A /* Release */ = {
			isa = XCBuildConfiguration;
			buildSettings = {
				ASSETCATALOG_COMPILER_APPICON_NAME = AppIcon;
				INFOPLIST_FILE = ZLExample/Info.plist;
				LD_RUNPATH_SEARCH_PATHS = "$(inherited) @executable_path/Frameworks";
				PRODUCT_BUNDLE_IDENTIFIER = com.teemusk.ZLExample;
				PRODUCT_NAME = "$(TARGET_NAME)";
				SWIFT_VERSION = 3.0;
			};
			name = Release;
		};
/* End XCBuildConfiguration section */

/* Begin XCConfigurationList section */
		516E9F6C1DCA2619001C9E1A /* Build configuration list for PBXProject "ZLExample" */ = {
			isa = XCConfigurationList;
			buildConfigurations = (
				516E9F811DCA2619001C9E1A /* Debug */,
				516E9F821DCA2619001C9E1A /* Release */,
			);
			defaultConfigurationIsVisible = 0;
			defaultConfigurationName = Release;
		};
		516E9F831DCA2619001C9E1A /* Build configuration list for PBXNativeTarget "ZLExample" */ = {
			isa = XCConfigurationList;
			buildConfigurations = (
				516E9F841DCA2619001C9E1A /* Debug */,
				516E9F851DCA2619001C9E1A /* Release */,
			);
			defaultConfigurationIsVisible = 0;
		};
/* End XCConfigurationList section */
	};
	rootObject = 516E9F691DCA2619001C9E1A /* Project object */;
}
